
Microsoft Visual Studio Solution File, Format Version 12.00
# Visual Studio Version 17
VisualStudioVersion = 17.4.33110.190
MinimumVisualStudioVersion = 10.0.40219.1
Project("{FAE04EC0-301F-11D3-BF4B-00C04F79EFBC}") = "lb5", "lb5.csproj", "{974CC15F-04AF-45E6-ACF9-BFFE4A102370}"
EndProject
Global
	GlobalSection(SolutionConfigurationPlatforms) = preSolution
		Debug|Any CPU = Debug|Any CPU
		Release|Any CPU = Release|Any CPU
	EndGlobalSection
	GlobalSection(ProjectConfigurationPlatforms) = postSolution
		{974CC15F-04AF-45E6-ACF9-BFFE4A102370}.Debug|Any CPU.ActiveCfg = Debug|Any CPU
		{974CC15F-04AF-45E6-ACF9-BFFE4A102370}.Debug|Any CPU.Build.0 = Debug|Any CPU
		{974CC15F-04AF-45E6-ACF9-BFFE4A102370}.Release|Any CPU.ActiveCfg = Release|Any CPU
		{974CC15F-04AF-45E6-ACF9-BFFE4A102370}.Release|Any CPU.Build.0 = Release|Any CPU
	EndGlobalSection
	GlobalSection(SolutionProperties) = preSolution
		HideSolutionNode = FALSE
	EndGlobalSection
	GlobalSection(ExtensibilityGlobals) = postSolution
		SolutionGuid = {EC1A53A9-1E17-4C8A-BD19-48FD8DEBD4D3}
	EndGlobalSection
EndGlobal
